
Microsoft Visual Studio Solution File, Format Version 12.00
# Visual Studio Version 16
VisualStudioVersion = 16.0.30330.147
MinimumVisualStudioVersion = 10.0.40219.1
Project("{FAE04EC0-301F-11D3-BF4B-00C04F79EFBC}") = "BeautifulNumbers", "BeautifulNumbers\BeautifulNumbers.csproj", "{DDFC40F8-EC83-4FE1-9EDE-78F3A208FB88}"
EndProject
Global
	GlobalSection(SolutionConfigurationPlatforms) = preSolution
		Debug|Any CPU = Debug|Any CPU
		Release|Any CPU = Release|Any CPU
	EndGlobalSection
	GlobalSection(ProjectConfigurationPlatforms) = postSolution
		{DDFC40F8-EC83-4FE1-9EDE-78F3A208FB88}.Debug|Any CPU.ActiveCfg = Debug|Any CPU
		{DDFC40F8-EC83-4FE1-9EDE-78F3A208FB88}.Debug|Any CPU.Build.0 = Debug|Any CPU
		{DDFC40F8-EC83-4FE1-9EDE-78F3A208FB88}.Release|Any CPU.ActiveCfg = Release|Any CPU
		{DDFC40F8-EC83-4FE1-9EDE-78F3A208FB88}.Release|Any CPU.Build.0 = Release|Any CPU
	EndGlobalSection
	GlobalSection(SolutionProperties) = preSolution
		HideSolutionNode = FALSE
	EndGlobalSection
	GlobalSection(ExtensibilityGlobals) = postSolution
		SolutionGuid = {D47E4DF9-3BD3-48EA-BA30-DFBAFDE85000}
	EndGlobalSection
EndGlobal
